{
  "version": 4,
  "terraform_version": "1.12.1",
  "serial": 56,
  "lineage": "57dcf134-e0ba-0d6c-9555-a721382b8c66",
  "outputs": {},
  "resources": [
    {
      "mode": "managed",
      "type": "local_file",
      "name": "welcome_txt_0",
      "provider": "provider[\"registry.terraform.io/hashicorp/local\"]",
      "instances": [
        {
          "schema_version": 0,
          "attributes": {
            "content": "Bienvenido!",
            "content_base64": null,
            "content_base64sha256": "3rWHjBLZe9iiWwYUZRpi4ievb7DMrBkbgTfTZV0sN6s=",
            "content_base64sha512": "JSYe9hK2e8bsjEcWv44f6YjlguPTu+nQYrDfj+awpwV1m5izOjXVtOigBIIgKn/NXKs97s1IoZVluV6EBd/g4A==",
            "content_md5": "52eb687c0735c673d9adf6c0ed686087",
            "content_sha1": "a95a5b518e3f6704299664f12fec37abc8b0578c",
            "content_sha256": "deb5878c12d97bd8a25b0614651a62e227af6fb0ccac191b8137d3655d2c37ab",
            "content_sha512": "25261ef612b67bc6ec8c4716bf8e1fe988e582e3d3bbe9d062b0df8fe6b0a705759b98b33a35d5b4e8a00482202a7fcd5cab3deecd48a19565b95e8405dfe0e0",
            "directory_permission": "0777",
            "file_permission": "0777",
            "filename": "./bienvenida.txt",
            "id": "a95a5b518e3f6704299664f12fec37abc8b0578c",
            "sensitive_content": null,
            "source": null
          },
          "sensitive_attributes": [
            [
              {
                "type": "get_attr",
                "value": "sensitive_content"
              }
            ]
          ],
          "identity_schema_version": 0
        }
      ]
    },
    {
      "mode": "managed",
      "type": "local_file",
      "name": "welcome_txt_1",
      "provider": "provider[\"registry.terraform.io/hashicorp/local\"]",
      "instances": [
        {
          "schema_version": 0,
          "attributes": {
            "content": "Bienvenido!",
            "content_base64": null,
            "content_base64sha256": "3rWHjBLZe9iiWwYUZRpi4ievb7DMrBkbgTfTZV0sN6s=",
            "content_base64sha512": "JSYe9hK2e8bsjEcWv44f6YjlguPTu+nQYrDfj+awpwV1m5izOjXVtOigBIIgKn/NXKs97s1IoZVluV6EBd/g4A==",
            "content_md5": "52eb687c0735c673d9adf6c0ed686087",
            "content_sha1": "a95a5b518e3f6704299664f12fec37abc8b0578c",
            "content_sha256": "deb5878c12d97bd8a25b0614651a62e227af6fb0ccac191b8137d3655d2c37ab",
            "content_sha512": "25261ef612b67bc6ec8c4716bf8e1fe988e582e3d3bbe9d062b0df8fe6b0a705759b98b33a35d5b4e8a00482202a7fcd5cab3deecd48a19565b95e8405dfe0e0",
            "directory_permission": "0777",
            "file_permission": "0777",
            "filename": "./bienvenida.txt",
            "id": "a95a5b518e3f6704299664f12fec37abc8b0578c",
            "sensitive_content": null,
            "source": null
          },
          "sensitive_attributes": [
            [
              {
                "type": "get_attr",
                "value": "sensitive_content"
              }
            ]
          ],
          "identity_schema_version": 0
        }
      ]
    },
    {
      "mode": "managed",
      "type": "local_file",
      "name": "welcome_txt_10",
      "provider": "provider[\"registry.terraform.io/hashicorp/local\"]",
      "instances": [
        {
          "schema_version": 0,
          "attributes": {
            "content": "Bienvenido!",
            "content_base64": null,
            "content_base64sha256": "3rWHjBLZe9iiWwYUZRpi4ievb7DMrBkbgTfTZV0sN6s=",
            "content_base64sha512": "JSYe9hK2e8bsjEcWv44f6YjlguPTu+nQYrDfj+awpwV1m5izOjXVtOigBIIgKn/NXKs97s1IoZVluV6EBd/g4A==",
            "content_md5": "52eb687c0735c673d9adf6c0ed686087",
            "content_sha1": "a95a5b518e3f6704299664f12fec37abc8b0578c",
            "content_sha256": "deb5878c12d97bd8a25b0614651a62e227af6fb0ccac191b8137d3655d2c37ab",
            "content_sha512": "25261ef612b67bc6ec8c4716bf8e1fe988e582e3d3bbe9d062b0df8fe6b0a705759b98b33a35d5b4e8a00482202a7fcd5cab3deecd48a19565b95e8405dfe0e0",
            "directory_permission": "0777",
            "file_permission": "0777",
            "filename": "./bienvenida.txt",
            "id": "a95a5b518e3f6704299664f12fec37abc8b0578c",
            "sensitive_content": null,
            "source": null
          },
          "sensitive_attributes": [
            [
              {
                "type": "get_attr",
                "value": "sensitive_content"
              }
            ]
          ],
          "identity_schema_version": 0
        }
      ]
    },
    {
      "mode": "managed",
      "type": "local_file",
      "name": "welcome_txt_11",
      "provider": "provider[\"registry.terraform.io/hashicorp/local\"]",
      "instances": [
        {
          "schema_version": 0,
          "attributes": {
            "content": "Bienvenido!",
            "content_base64": null,
            "content_base64sha256": "3rWHjBLZe9iiWwYUZRpi4ievb7DMrBkbgTfTZV0sN6s=",
            "content_base64sha512": "JSYe9hK2e8bsjEcWv44f6YjlguPTu+nQYrDfj+awpwV1m5izOjXVtOigBIIgKn/NXKs97s1IoZVluV6EBd/g4A==",
            "content_md5": "52eb687c0735c673d9adf6c0ed686087",
            "content_sha1": "a95a5b518e3f6704299664f12fec37abc8b0578c",
            "content_sha256": "deb5878c12d97bd8a25b0614651a62e227af6fb0ccac191b8137d3655d2c37ab",
            "content_sha512": "25261ef612b67bc6ec8c4716bf8e1fe988e582e3d3bbe9d062b0df8fe6b0a705759b98b33a35d5b4e8a00482202a7fcd5cab3deecd48a19565b95e8405dfe0e0",
            "directory_permission": "0777",
            "file_permission": "0777",
            "filename": "./bienvenida.txt",
            "id": "a95a5b518e3f6704299664f12fec37abc8b0578c",
            "sensitive_content": null,
            "source": null
          },
          "sensitive_attributes": [
            [
              {
                "type": "get_attr",
                "value": "sensitive_content"
              }
            ]
          ],
          "identity_schema_version": 0
        }
      ]
    },
    {
      "mode": "managed",
      "type": "local_file",
      "name": "welcome_txt_12",
      "provider": "provider[\"registry.terraform.io/hashicorp/local\"]",
      "instances": [
        {
          "schema_version": 0,
          "attributes": {
            "content": "Bienvenido!",
            "content_base64": null,
            "content_base64sha256": "3rWHjBLZe9iiWwYUZRpi4ievb7DMrBkbgTfTZV0sN6s=",
            "content_base64sha512": "JSYe9hK2e8bsjEcWv44f6YjlguPTu+nQYrDfj+awpwV1m5izOjXVtOigBIIgKn/NXKs97s1IoZVluV6EBd/g4A==",
            "content_md5": "52eb687c0735c673d9adf6c0ed686087",
            "content_sha1": "a95a5b518e3f6704299664f12fec37abc8b0578c",
            "content_sha256": "deb5878c12d97bd8a25b0614651a62e227af6fb0ccac191b8137d3655d2c37ab",
            "content_sha512": "25261ef612b67bc6ec8c4716bf8e1fe988e582e3d3bbe9d062b0df8fe6b0a705759b98b33a35d5b4e8a00482202a7fcd5cab3deecd48a19565b95e8405dfe0e0",
            "directory_permission": "0777",
            "file_permission": "0777",
            "filename": "./bienvenida.txt",
            "id": "a95a5b518e3f6704299664f12fec37abc8b0578c",
            "sensitive_content": null,
            "source": null
          },
          "sensitive_attributes": [
            [
              {
                "type": "get_attr",
                "value": "sensitive_content"
              }
            ]
          ],
          "identity_schema_version": 0
        }
      ]
    },
    {
      "mode": "managed",
      "type": "local_file",
      "name": "welcome_txt_13",
      "provider": "provider[\"registry.terraform.io/hashicorp/local\"]",
      "instances": [
        {
          "schema_version": 0,
          "attributes": {
            "content": "Bienvenido!",
            "content_base64": null,
            "content_base64sha256": "3rWHjBLZe9iiWwYUZRpi4ievb7DMrBkbgTfTZV0sN6s=",
            "content_base64sha512": "JSYe9hK2e8bsjEcWv44f6YjlguPTu+nQYrDfj+awpwV1m5izOjXVtOigBIIgKn/NXKs97s1IoZVluV6EBd/g4A==",
            "content_md5": "52eb687c0735c673d9adf6c0ed686087",
            "content_sha1": "a95a5b518e3f6704299664f12fec37abc8b0578c",
            "content_sha256": "deb5878c12d97bd8a25b0614651a62e227af6fb0ccac191b8137d3655d2c37ab",
            "content_sha512": "25261ef612b67bc6ec8c4716bf8e1fe988e582e3d3bbe9d062b0df8fe6b0a705759b98b33a35d5b4e8a00482202a7fcd5cab3deecd48a19565b95e8405dfe0e0",
            "directory_permission": "0777",
            "file_permission": "0777",
            "filename": "./bienvenida.txt",
            "id": "a95a5b518e3f6704299664f12fec37abc8b0578c",
            "sensitive_content": null,
            "source": null
          },
          "sensitive_attributes": [
            [
              {
                "type": "get_attr",
                "value": "sensitive_content"
              }
            ]
          ],
          "identity_schema_version": 0
        }
      ]
    },
    {
      "mode": "managed",
      "type": "local_file",
      "name": "welcome_txt_14",
      "provider": "provider[\"registry.terraform.io/hashicorp/local\"]",
      "instances": [
        {
          "schema_version": 0,
          "attributes": {
            "content": "Bienvenido!",
            "content_base64": null,
            "content_base64sha256": "3rWHjBLZe9iiWwYUZRpi4ievb7DMrBkbgTfTZV0sN6s=",
            "content_base64sha512": "JSYe9hK2e8bsjEcWv44f6YjlguPTu+nQYrDfj+awpwV1m5izOjXVtOigBIIgKn/NXKs97s1IoZVluV6EBd/g4A==",
            "content_md5": "52eb687c0735c673d9adf6c0ed686087",
            "content_sha1": "a95a5b518e3f6704299664f12fec37abc8b0578c",
            "content_sha256": "deb5878c12d97bd8a25b0614651a62e227af6fb0ccac191b8137d3655d2c37ab",
            "content_sha512": "25261ef612b67bc6ec8c4716bf8e1fe988e582e3d3bbe9d062b0df8fe6b0a705759b98b33a35d5b4e8a00482202a7fcd5cab3deecd48a19565b95e8405dfe0e0",
            "directory_permission": "0777",
            "file_permission": "0777",
            "filename": "./bienvenida.txt",
            "id": "a95a5b518e3f6704299664f12fec37abc8b0578c",
            "sensitive_content": null,
            "source": null
          },
          "sensitive_attributes": [
            [
              {
                "type": "get_attr",
                "value": "sensitive_content"
              }
            ]
          ],
          "identity_schema_version": 0
        }
      ]
    },
    {
      "mode": "managed",
      "type": "local_file",
      "name": "welcome_txt_2",
      "provider": "provider[\"registry.terraform.io/hashicorp/local\"]",
      "instances": [
        {
          "schema_version": 0,
          "attributes": {
            "content": "Bienvenido!",
            "content_base64": null,
            "content_base64sha256": "3rWHjBLZe9iiWwYUZRpi4ievb7DMrBkbgTfTZV0sN6s=",
            "content_base64sha512": "JSYe9hK2e8bsjEcWv44f6YjlguPTu+nQYrDfj+awpwV1m5izOjXVtOigBIIgKn/NXKs97s1IoZVluV6EBd/g4A==",
            "content_md5": "52eb687c0735c673d9adf6c0ed686087",
            "content_sha1": "a95a5b518e3f6704299664f12fec37abc8b0578c",
            "content_sha256": "deb5878c12d97bd8a25b0614651a62e227af6fb0ccac191b8137d3655d2c37ab",
            "content_sha512": "25261ef612b67bc6ec8c4716bf8e1fe988e582e3d3bbe9d062b0df8fe6b0a705759b98b33a35d5b4e8a00482202a7fcd5cab3deecd48a19565b95e8405dfe0e0",
            "directory_permission": "0777",
            "file_permission": "0777",
            "filename": "./bienvenida.txt",
            "id": "a95a5b518e3f6704299664f12fec37abc8b0578c",
            "sensitive_content": null,
            "source": null
          },
          "sensitive_attributes": [
            [
              {
                "type": "get_attr",
                "value": "sensitive_content"
              }
            ]
          ],
          "identity_schema_version": 0
        }
      ]
    },
    {
      "mode": "managed",
      "type": "local_file",
      "name": "welcome_txt_3",
      "provider": "provider[\"registry.terraform.io/hashicorp/local\"]",
      "instances": [
        {
          "schema_version": 0,
          "attributes": {
            "content": "Bienvenido!",
            "content_base64": null,
            "content_base64sha256": "3rWHjBLZe9iiWwYUZRpi4ievb7DMrBkbgTfTZV0sN6s=",
            "content_base64sha512": "JSYe9hK2e8bsjEcWv44f6YjlguPTu+nQYrDfj+awpwV1m5izOjXVtOigBIIgKn/NXKs97s1IoZVluV6EBd/g4A==",
            "content_md5": "52eb687c0735c673d9adf6c0ed686087",
            "content_sha1": "a95a5b518e3f6704299664f12fec37abc8b0578c",
            "content_sha256": "deb5878c12d97bd8a25b0614651a62e227af6fb0ccac191b8137d3655d2c37ab",
            "content_sha512": "25261ef612b67bc6ec8c4716bf8e1fe988e582e3d3bbe9d062b0df8fe6b0a705759b98b33a35d5b4e8a00482202a7fcd5cab3deecd48a19565b95e8405dfe0e0",
            "directory_permission": "0777",
            "file_permission": "0777",
            "filename": "./bienvenida.txt",
            "id": "a95a5b518e3f6704299664f12fec37abc8b0578c",
            "sensitive_content": null,
            "source": null
          },
          "sensitive_attributes": [
            [
              {
                "type": "get_attr",
                "value": "sensitive_content"
              }
            ]
          ],
          "identity_schema_version": 0
        }
      ]
    },
    {
      "mode": "managed",
      "type": "local_file",
      "name": "welcome_txt_4",
      "provider": "provider[\"registry.terraform.io/hashicorp/local\"]",
      "instances": [
        {
          "schema_version": 0,
          "attributes": {
            "content": "Bienvenido!",
            "content_base64": null,
            "content_base64sha256": "3rWHjBLZe9iiWwYUZRpi4ievb7DMrBkbgTfTZV0sN6s=",
            "content_base64sha512": "JSYe9hK2e8bsjEcWv44f6YjlguPTu+nQYrDfj+awpwV1m5izOjXVtOigBIIgKn/NXKs97s1IoZVluV6EBd/g4A==",
            "content_md5": "52eb687c0735c673d9adf6c0ed686087",
            "content_sha1": "a95a5b518e3f6704299664f12fec37abc8b0578c",
            "content_sha256": "deb5878c12d97bd8a25b0614651a62e227af6fb0ccac191b8137d3655d2c37ab",
            "content_sha512": "25261ef612b67bc6ec8c4716bf8e1fe988e582e3d3bbe9d062b0df8fe6b0a705759b98b33a35d5b4e8a00482202a7fcd5cab3deecd48a19565b95e8405dfe0e0",
            "directory_permission": "0777",
            "file_permission": "0777",
            "filename": "./bienvenida.txt",
            "id": "a95a5b518e3f6704299664f12fec37abc8b0578c",
            "sensitive_content": null,
            "source": null
          },
          "sensitive_attributes": [
            [
              {
                "type": "get_attr",
                "value": "sensitive_content"
              }
            ]
          ],
          "identity_schema_version": 0
        }
      ]
    },
    {
      "mode": "managed",
      "type": "local_file",
      "name": "welcome_txt_5",
      "provider": "provider[\"registry.terraform.io/hashicorp/local\"]",
      "instances": [
        {
          "schema_version": 0,
          "attributes": {
            "content": "Bienvenido!",
            "content_base64": null,
            "content_base64sha256": "3rWHjBLZe9iiWwYUZRpi4ievb7DMrBkbgTfTZV0sN6s=",
            "content_base64sha512": "JSYe9hK2e8bsjEcWv44f6YjlguPTu+nQYrDfj+awpwV1m5izOjXVtOigBIIgKn/NXKs97s1IoZVluV6EBd/g4A==",
            "content_md5": "52eb687c0735c673d9adf6c0ed686087",
            "content_sha1": "a95a5b518e3f6704299664f12fec37abc8b0578c",
            "content_sha256": "deb5878c12d97bd8a25b0614651a62e227af6fb0ccac191b8137d3655d2c37ab",
            "content_sha512": "25261ef612b67bc6ec8c4716bf8e1fe988e582e3d3bbe9d062b0df8fe6b0a705759b98b33a35d5b4e8a00482202a7fcd5cab3deecd48a19565b95e8405dfe0e0",
            "directory_permission": "0777",
            "file_permission": "0777",
            "filename": "./bienvenida.txt",
            "id": "a95a5b518e3f6704299664f12fec37abc8b0578c",
            "sensitive_content": null,
            "source": null
          },
          "sensitive_attributes": [
            [
              {
                "type": "get_attr",
                "value": "sensitive_content"
              }
            ]
          ],
          "identity_schema_version": 0
        }
      ]
    },
    {
      "mode": "managed",
      "type": "local_file",
      "name": "welcome_txt_6",
      "provider": "provider[\"registry.terraform.io/hashicorp/local\"]",
      "instances": [
        {
          "schema_version": 0,
          "attributes": {
            "content": "Bienvenido!",
            "content_base64": null,
            "content_base64sha256": "3rWHjBLZe9iiWwYUZRpi4ievb7DMrBkbgTfTZV0sN6s=",
            "content_base64sha512": "JSYe9hK2e8bsjEcWv44f6YjlguPTu+nQYrDfj+awpwV1m5izOjXVtOigBIIgKn/NXKs97s1IoZVluV6EBd/g4A==",
            "content_md5": "52eb687c0735c673d9adf6c0ed686087",
            "content_sha1": "a95a5b518e3f6704299664f12fec37abc8b0578c",
            "content_sha256": "deb5878c12d97bd8a25b0614651a62e227af6fb0ccac191b8137d3655d2c37ab",
            "content_sha512": "25261ef612b67bc6ec8c4716bf8e1fe988e582e3d3bbe9d062b0df8fe6b0a705759b98b33a35d5b4e8a00482202a7fcd5cab3deecd48a19565b95e8405dfe0e0",
            "directory_permission": "0777",
            "file_permission": "0777",
            "filename": "./bienvenida.txt",
            "id": "a95a5b518e3f6704299664f12fec37abc8b0578c",
            "sensitive_content": null,
            "source": null
          },
          "sensitive_attributes": [
            [
              {
                "type": "get_attr",
                "value": "sensitive_content"
              }
            ]
          ],
          "identity_schema_version": 0
        }
      ]
    },
    {
      "mode": "managed",
      "type": "local_file",
      "name": "welcome_txt_7",
      "provider": "provider[\"registry.terraform.io/hashicorp/local\"]",
      "instances": [
        {
          "schema_version": 0,
          "attributes": {
            "content": "Bienvenido!",
            "content_base64": null,
            "content_base64sha256": "3rWHjBLZe9iiWwYUZRpi4ievb7DMrBkbgTfTZV0sN6s=",
            "content_base64sha512": "JSYe9hK2e8bsjEcWv44f6YjlguPTu+nQYrDfj+awpwV1m5izOjXVtOigBIIgKn/NXKs97s1IoZVluV6EBd/g4A==",
            "content_md5": "52eb687c0735c673d9adf6c0ed686087",
            "content_sha1": "a95a5b518e3f6704299664f12fec37abc8b0578c",
            "content_sha256": "deb5878c12d97bd8a25b0614651a62e227af6fb0ccac191b8137d3655d2c37ab",
            "content_sha512": "25261ef612b67bc6ec8c4716bf8e1fe988e582e3d3bbe9d062b0df8fe6b0a705759b98b33a35d5b4e8a00482202a7fcd5cab3deecd48a19565b95e8405dfe0e0",
            "directory_permission": "0777",
            "file_permission": "0777",
            "filename": "./bienvenida.txt",
            "id": "a95a5b518e3f6704299664f12fec37abc8b0578c",
            "sensitive_content": null,
            "source": null
          },
          "sensitive_attributes": [
            [
              {
                "type": "get_attr",
                "value": "sensitive_content"
              }
            ]
          ],
          "identity_schema_version": 0
        }
      ]
    },
    {
      "mode": "managed",
      "type": "local_file",
      "name": "welcome_txt_8",
      "provider": "provider[\"registry.terraform.io/hashicorp/local\"]",
      "instances": [
        {
          "schema_version": 0,
          "attributes": {
            "content": "Bienvenido!",
            "content_base64": null,
            "content_base64sha256": "3rWHjBLZe9iiWwYUZRpi4ievb7DMrBkbgTfTZV0sN6s=",
            "content_base64sha512": "JSYe9hK2e8bsjEcWv44f6YjlguPTu+nQYrDfj+awpwV1m5izOjXVtOigBIIgKn/NXKs97s1IoZVluV6EBd/g4A==",
            "content_md5": "52eb687c0735c673d9adf6c0ed686087",
            "content_sha1": "a95a5b518e3f6704299664f12fec37abc8b0578c",
            "content_sha256": "deb5878c12d97bd8a25b0614651a62e227af6fb0ccac191b8137d3655d2c37ab",
            "content_sha512": "25261ef612b67bc6ec8c4716bf8e1fe988e582e3d3bbe9d062b0df8fe6b0a705759b98b33a35d5b4e8a00482202a7fcd5cab3deecd48a19565b95e8405dfe0e0",
            "directory_permission": "0777",
            "file_permission": "0777",
            "filename": "./bienvenida.txt",
            "id": "a95a5b518e3f6704299664f12fec37abc8b0578c",
            "sensitive_content": null,
            "source": null
          },
          "sensitive_attributes": [
            [
              {
                "type": "get_attr",
                "value": "sensitive_content"
              }
            ]
          ],
          "identity_schema_version": 0
        }
      ]
    },
    {
      "mode": "managed",
      "type": "local_file",
      "name": "welcome_txt_9",
      "provider": "provider[\"registry.terraform.io/hashicorp/local\"]",
      "instances": [
        {
          "schema_version": 0,
          "attributes": {
            "content": "Bienvenido!",
            "content_base64": null,
            "content_base64sha256": "3rWHjBLZe9iiWwYUZRpi4ievb7DMrBkbgTfTZV0sN6s=",
            "content_base64sha512": "JSYe9hK2e8bsjEcWv44f6YjlguPTu+nQYrDfj+awpwV1m5izOjXVtOigBIIgKn/NXKs97s1IoZVluV6EBd/g4A==",
            "content_md5": "52eb687c0735c673d9adf6c0ed686087",
            "content_sha1": "a95a5b518e3f6704299664f12fec37abc8b0578c",
            "content_sha256": "deb5878c12d97bd8a25b0614651a62e227af6fb0ccac191b8137d3655d2c37ab",
            "content_sha512": "25261ef612b67bc6ec8c4716bf8e1fe988e582e3d3bbe9d062b0df8fe6b0a705759b98b33a35d5b4e8a00482202a7fcd5cab3deecd48a19565b95e8405dfe0e0",
            "directory_permission": "0777",
            "file_permission": "0777",
            "filename": "./bienvenida.txt",
            "id": "a95a5b518e3f6704299664f12fec37abc8b0578c",
            "sensitive_content": null,
            "source": null
          },
          "sensitive_attributes": [
            [
              {
                "type": "get_attr",
                "value": "sensitive_content"
              }
            ]
          ],
          "identity_schema_version": 0
        }
      ]
    },
    {
      "mode": "managed",
      "type": "null_resource",
      "name": "finalizador",
      "provider": "provider[\"registry.terraform.io/hashicorp/null\"]",
      "instances": [
        {
          "schema_version": 0,
          "attributes": {
            "id": "1540076942442973180",
            "triggers": {
              "factory_uuid": "bc07b0a8-ffab-4264-955e-70c417b58a7c",
              "nota": "Recurso compuesto generado dinámicamente en tiempo de ejecución",
              "timestamp": "2025-06-09T16:42:51.678815"
            }
          },
          "sensitive_attributes": [],
          "identity_schema_version": 0
        }
      ]
    },
    {
      "mode": "managed",
      "type": "null_resource",
      "name": "placeholder_0",
      "provider": "provider[\"registry.terraform.io/hashicorp/null\"]",
      "instances": [
        {
          "schema_version": 0,
          "attributes": {
            "id": "8587683331503212349",
            "triggers": {
              "factory_uuid": "4b0d2a40-4657-4df8-b819-b38449a6de01",
              "index": "0",
              "timestamp": "2025-06-09T16:42:51.678621",
              "welcome": "¡Hola!"
            }
          },
          "sensitive_attributes": [],
          "identity_schema_version": 0
        }
      ]
    },
    {
      "mode": "managed",
      "type": "null_resource",
      "name": "placeholder_1",
      "provider": "provider[\"registry.terraform.io/hashicorp/null\"]",
      "instances": [
        {
          "schema_version": 0,
          "attributes": {
            "id": "9155209720548707181",
            "triggers": {
              "factory_uuid": "4b0d2a40-4657-4df8-b819-b38449a6de01",
              "index": "1",
              "timestamp": "2025-06-09T16:42:51.678621",
              "welcome": "¡Hola!"
            }
          },
          "sensitive_attributes": [],
          "identity_schema_version": 0
        }
      ]
    },
    {
      "mode": "managed",
      "type": "null_resource",
      "name": "placeholder_10",
      "provider": "provider[\"registry.terraform.io/hashicorp/null\"]",
      "instances": [
        {
          "schema_version": 0,
          "attributes": {
            "id": "1503124776408028674",
            "triggers": {
              "factory_uuid": "4b0d2a40-4657-4df8-b819-b38449a6de01",
              "index": "10",
              "timestamp": "2025-06-09T16:42:51.678621",
              "welcome": "¡Hola!"
            }
          },
          "sensitive_attributes": [],
          "identity_schema_version": 0
        }
      ]
    },
    {
      "mode": "managed",
      "type": "null_resource",
      "name": "placeholder_11",
      "provider": "provider[\"registry.terraform.io/hashicorp/null\"]",
      "instances": [
        {
          "schema_version": 0,
          "attributes": {
            "id": "9080472310143217117",
            "triggers": {
              "factory_uuid": "4b0d2a40-4657-4df8-b819-b38449a6de01",
              "index": "11",
              "timestamp": "2025-06-09T16:42:51.678621",
              "welcome": "¡Hola!"
            }
          },
          "sensitive_attributes": [],
          "identity_schema_version": 0
        }
      ]
    },
    {
      "mode": "managed",
      "type": "null_resource",
      "name": "placeholder_12",
      "provider": "provider[\"registry.terraform.io/hashicorp/null\"]",
      "instances": [
        {
          "schema_version": 0,
          "attributes": {
            "id": "5764605199286039686",
            "triggers": {
              "factory_uuid": "4b0d2a40-4657-4df8-b819-b38449a6de01",
              "index": "12",
              "timestamp": "2025-06-09T16:42:51.678621",
              "welcome": "¡Hola!"
            }
          },
          "sensitive_attributes": [],
          "identity_schema_version": 0
        }
      ]
    },
    {
      "mode": "managed",
      "type": "null_resource",
      "name": "placeholder_13",
      "provider": "provider[\"registry.terraform.io/hashicorp/null\"]",
      "instances": [
        {
          "schema_version": 0,
          "attributes": {
            "id": "4723354244491456009",
            "triggers": {
              "factory_uuid": "4b0d2a40-4657-4df8-b819-b38449a6de01",
              "index": "13",
              "timestamp": "2025-06-09T16:42:51.678621",
              "welcome": "¡Hola!"
            }
          },
          "sensitive_attributes": [],
          "identity_schema_version": 0
        }
      ]
    },
    {
      "mode": "managed",
      "type": "null_resource",
      "name": "placeholder_14",
      "provider": "provider[\"registry.terraform.io/hashicorp/null\"]",
      "instances": [
        {
          "schema_version": 0,
          "attributes": {
            "id": "8084568860378669431",
            "triggers": {
              "factory_uuid": "4b0d2a40-4657-4df8-b819-b38449a6de01",
              "index": "14",
              "timestamp": "2025-06-09T16:42:51.678621",
              "welcome": "¡Hola!"
            }
          },
          "sensitive_attributes": [],
          "identity_schema_version": 0
        }
      ]
    },
    {
      "mode": "managed",
      "type": "null_resource",
      "name": "placeholder_2",
      "provider": "provider[\"registry.terraform.io/hashicorp/null\"]",
      "instances": [
        {
          "schema_version": 0,
          "attributes": {
            "id": "4387367545124173942",
            "triggers": {
              "factory_uuid": "4b0d2a40-4657-4df8-b819-b38449a6de01",
              "index": "2",
              "timestamp": "2025-06-09T16:42:51.678621",
              "welcome": "¡Hola!"
            }
          },
          "sensitive_attributes": [],
          "identity_schema_version": 0
        }
      ]
    },
    {
      "mode": "managed",
      "type": "null_resource",
      "name": "placeholder_3",
      "provider": "provider[\"registry.terraform.io/hashicorp/null\"]",
      "instances": [
        {
          "schema_version": 0,
          "attributes": {
            "id": "766628857483293178",
            "triggers": {
              "factory_uuid": "4b0d2a40-4657-4df8-b819-b38449a6de01",
              "index": "3",
              "timestamp": "2025-06-09T16:42:51.678621",
              "welcome": "¡Hola!"
            }
          },
          "sensitive_attributes": [],
          "identity_schema_version": 0
        }
      ]
    },
    {
      "mode": "managed",
      "type": "null_resource",
      "name": "placeholder_4",
      "provider": "provider[\"registry.terraform.io/hashicorp/null\"]",
      "instances": [
        {
          "schema_version": 0,
          "attributes": {
            "id": "7670725939654394389",
            "triggers": {
              "factory_uuid": "4b0d2a40-4657-4df8-b819-b38449a6de01",
              "index": "4",
              "timestamp": "2025-06-09T16:42:51.678621",
              "welcome": "¡Hola!"
            }
          },
          "sensitive_attributes": [],
          "identity_schema_version": 0
        }
      ]
    },
    {
      "mode": "managed",
      "type": "null_resource",
      "name": "placeholder_5",
      "provider": "provider[\"registry.terraform.io/hashicorp/null\"]",
      "instances": [
        {
          "schema_version": 0,
          "attributes": {
            "id": "2701878229883808358",
            "triggers": {
              "factory_uuid": "4b0d2a40-4657-4df8-b819-b38449a6de01",
              "index": "5",
              "timestamp": "2025-06-09T16:42:51.678621",
              "welcome": "¡Hola!"
            }
          },
          "sensitive_attributes": [],
          "identity_schema_version": 0
        }
      ]
    },
    {
      "mode": "managed",
      "type": "null_resource",
      "name": "placeholder_6",
      "provider": "provider[\"registry.terraform.io/hashicorp/null\"]",
      "instances": [
        {
          "schema_version": 0,
          "attributes": {
            "id": "6535234961613267374",
            "triggers": {
              "factory_uuid": "4b0d2a40-4657-4df8-b819-b38449a6de01",
              "index": "6",
              "timestamp": "2025-06-09T16:42:51.678621",
              "welcome": "¡Hola!"
            }
          },
          "sensitive_attributes": [],
          "identity_schema_version": 0
        }
      ]
    },
    {
      "mode": "managed",
      "type": "null_resource",
      "name": "placeholder_7",
      "provider": "provider[\"registry.terraform.io/hashicorp/null\"]",
      "instances": [
        {
          "schema_version": 0,
          "attributes": {
            "id": "3417449556757347439",
            "triggers": {
              "factory_uuid": "4b0d2a40-4657-4df8-b819-b38449a6de01",
              "index": "7",
              "timestamp": "2025-06-09T16:42:51.678621",
              "welcome": "¡Hola!"
            }
          },
          "sensitive_attributes": [],
          "identity_schema_version": 0
        }
      ]
    },
    {
      "mode": "managed",
      "type": "null_resource",
      "name": "placeholder_8",
      "provider": "provider[\"registry.terraform.io/hashicorp/null\"]",
      "instances": [
        {
          "schema_version": 0,
          "attributes": {
            "id": "2747310465862733019",
            "triggers": {
              "factory_uuid": "4b0d2a40-4657-4df8-b819-b38449a6de01",
              "index": "8",
              "timestamp": "2025-06-09T16:42:51.678621",
              "welcome": "¡Hola!"
            }
          },
          "sensitive_attributes": [],
          "identity_schema_version": 0
        }
      ]
    },
    {
      "mode": "managed",
      "type": "null_resource",
      "name": "placeholder_9",
      "provider": "provider[\"registry.terraform.io/hashicorp/null\"]",
      "instances": [
        {
          "schema_version": 0,
          "attributes": {
            "id": "3460256684557566829",
            "triggers": {
              "factory_uuid": "4b0d2a40-4657-4df8-b819-b38449a6de01",
              "index": "9",
              "timestamp": "2025-06-09T16:42:51.678621",
              "welcome": "¡Hola!"
            }
          },
          "sensitive_attributes": [],
          "identity_schema_version": 0
        }
      ]
    }
  ],
  "check_results": null
}
