{
  "version": 4,
  "terraform_version": "1.12.1",
  "serial": 105,
  "lineage": "57dcf134-e0ba-0d6c-9555-a721382b8c66",
  "outputs": {},
  "resources": [
    {
      "mode": "managed",
      "type": "local_file",
      "name": "welcome_txt",
      "provider": "provider[\"registry.terraform.io/hashicorp/local\"]",
      "instances": [
        {
          "schema_version": 0,
          "attributes": {
            "content": "Bienvenido!",
            "content_base64": null,
            "content_base64sha256": "3rWHjBLZe9iiWwYUZRpi4ievb7DMrBkbgTfTZV0sN6s=",
            "content_base64sha512": "JSYe9hK2e8bsjEcWv44f6YjlguPTu+nQYrDfj+awpwV1m5izOjXVtOigBIIgKn/NXKs97s1IoZVluV6EBd/g4A==",
            "content_md5": "52eb687c0735c673d9adf6c0ed686087",
            "content_sha1": "a95a5b518e3f6704299664f12fec37abc8b0578c",
            "content_sha256": "deb5878c12d97bd8a25b0614651a62e227af6fb0ccac191b8137d3655d2c37ab",
            "content_sha512": "25261ef612b67bc6ec8c4716bf8e1fe988e582e3d3bbe9d062b0df8fe6b0a705759b98b33a35d5b4e8a00482202a7fcd5cab3deecd48a19565b95e8405dfe0e0",
            "directory_permission": "0777",
            "file_permission": "0777",
            "filename": "./bienvenida.txt",
            "id": "a95a5b518e3f6704299664f12fec37abc8b0578c",
            "sensitive_content": null,
            "source": null
          },
          "sensitive_attributes": [
            [
              {
                "type": "get_attr",
                "value": "sensitive_content"
              }
            ]
          ],
          "identity_schema_version": 0
        }
      ]
    },
    {
      "mode": "managed",
      "type": "null_resource",
      "name": "finalizador",
      "provider": "provider[\"registry.terraform.io/hashicorp/null\"]",
      "instances": [
        {
          "schema_version": 0,
          "attributes": {
            "id": "2510618015579502013",
            "triggers": {
              "factory_uuid": "935905db-b58e-4fda-88fc-d9eb3cb30c65",
              "nota": "Recurso compuesto generado dinámicamente en tiempo de ejecución",
              "timestamp": "2025-06-09T17:07:05.252609"
            }
          },
          "sensitive_attributes": [],
          "identity_schema_version": 0
        }
      ]
    },
    {
      "mode": "managed",
      "type": "null_resource",
      "name": "placeholder_0",
      "provider": "provider[\"registry.terraform.io/hashicorp/null\"]",
      "instances": [
        {
          "schema_version": 0,
          "attributes": {
            "id": "7948050675753107393",
            "triggers": {
              "factory_uuid": "9fda5467-8f0f-43e8-b4cc-270da64e9b01",
              "index": "0",
              "timestamp": "2025-06-09T17:07:05.252354",
              "welcome": "¡Hola!"
            }
          },
          "sensitive_attributes": [],
          "identity_schema_version": 0
        }
      ]
    },
    {
      "mode": "managed",
      "type": "null_resource",
      "name": "placeholder_1",
      "provider": "provider[\"registry.terraform.io/hashicorp/null\"]",
      "instances": [
        {
          "schema_version": 0,
          "attributes": {
            "id": "5431382341347815092",
            "triggers": {
              "factory_uuid": "9fda5467-8f0f-43e8-b4cc-270da64e9b01",
              "index": "1",
              "timestamp": "2025-06-09T17:07:05.252354",
              "welcome": "¡Hola!"
            }
          },
          "sensitive_attributes": [],
          "identity_schema_version": 0
        }
      ]
    },
    {
      "mode": "managed",
      "type": "null_resource",
      "name": "placeholder_10",
      "provider": "provider[\"registry.terraform.io/hashicorp/null\"]",
      "instances": [
        {
          "schema_version": 0,
          "attributes": {
            "id": "1065972008295558451",
            "triggers": {
              "factory_uuid": "9fda5467-8f0f-43e8-b4cc-270da64e9b01",
              "index": "10",
              "timestamp": "2025-06-09T17:07:05.252354",
              "welcome": "¡Hola!"
            }
          },
          "sensitive_attributes": [],
          "identity_schema_version": 0
        }
      ]
    },
    {
      "mode": "managed",
      "type": "null_resource",
      "name": "placeholder_11",
      "provider": "provider[\"registry.terraform.io/hashicorp/null\"]",
      "instances": [
        {
          "schema_version": 0,
          "attributes": {
            "id": "2539994964767140108",
            "triggers": {
              "factory_uuid": "9fda5467-8f0f-43e8-b4cc-270da64e9b01",
              "index": "11",
              "timestamp": "2025-06-09T17:07:05.252354",
              "welcome": "¡Hola!"
            }
          },
          "sensitive_attributes": [],
          "identity_schema_version": 0
        }
      ]
    },
    {
      "mode": "managed",
      "type": "null_resource",
      "name": "placeholder_12",
      "provider": "provider[\"registry.terraform.io/hashicorp/null\"]",
      "instances": [
        {
          "schema_version": 0,
          "attributes": {
            "id": "3861960837460994774",
            "triggers": {
              "factory_uuid": "9fda5467-8f0f-43e8-b4cc-270da64e9b01",
              "index": "12",
              "timestamp": "2025-06-09T17:07:05.252354",
              "welcome": "¡Hola!"
            }
          },
          "sensitive_attributes": [],
          "identity_schema_version": 0
        }
      ]
    },
    {
      "mode": "managed",
      "type": "null_resource",
      "name": "placeholder_13",
      "provider": "provider[\"registry.terraform.io/hashicorp/null\"]",
      "instances": [
        {
          "schema_version": 0,
          "attributes": {
            "id": "2103801398178461455",
            "triggers": {
              "factory_uuid": "9fda5467-8f0f-43e8-b4cc-270da64e9b01",
              "index": "13",
              "timestamp": "2025-06-09T17:07:05.252354",
              "welcome": "¡Hola!"
            }
          },
          "sensitive_attributes": [],
          "identity_schema_version": 0
        }
      ]
    },
    {
      "mode": "managed",
      "type": "null_resource",
      "name": "placeholder_14",
      "provider": "provider[\"registry.terraform.io/hashicorp/null\"]",
      "instances": [
        {
          "schema_version": 0,
          "attributes": {
            "id": "6528783925802411527",
            "triggers": {
              "factory_uuid": "9fda5467-8f0f-43e8-b4cc-270da64e9b01",
              "index": "14",
              "timestamp": "2025-06-09T17:07:05.252354",
              "welcome": "¡Hola!"
            }
          },
          "sensitive_attributes": [],
          "identity_schema_version": 0
        }
      ]
    },
    {
      "mode": "managed",
      "type": "null_resource",
      "name": "placeholder_2",
      "provider": "provider[\"registry.terraform.io/hashicorp/null\"]",
      "instances": [
        {
          "schema_version": 0,
          "attributes": {
            "id": "4091898968469325831",
            "triggers": {
              "factory_uuid": "9fda5467-8f0f-43e8-b4cc-270da64e9b01",
              "index": "2",
              "timestamp": "2025-06-09T17:07:05.252354",
              "welcome": "¡Hola!"
            }
          },
          "sensitive_attributes": [],
          "identity_schema_version": 0
        }
      ]
    },
    {
      "mode": "managed",
      "type": "null_resource",
      "name": "placeholder_3",
      "provider": "provider[\"registry.terraform.io/hashicorp/null\"]",
      "instances": [
        {
          "schema_version": 0,
          "attributes": {
            "id": "1589248377499253650",
            "triggers": {
              "factory_uuid": "9fda5467-8f0f-43e8-b4cc-270da64e9b01",
              "index": "3",
              "timestamp": "2025-06-09T17:07:05.252354",
              "welcome": "¡Hola!"
            }
          },
          "sensitive_attributes": [],
          "identity_schema_version": 0
        }
      ]
    },
    {
      "mode": "managed",
      "type": "null_resource",
      "name": "placeholder_4",
      "provider": "provider[\"registry.terraform.io/hashicorp/null\"]",
      "instances": [
        {
          "schema_version": 0,
          "attributes": {
            "id": "1661671927784599571",
            "triggers": {
              "factory_uuid": "9fda5467-8f0f-43e8-b4cc-270da64e9b01",
              "index": "4",
              "timestamp": "2025-06-09T17:07:05.252354",
              "welcome": "¡Hola!"
            }
          },
          "sensitive_attributes": [],
          "identity_schema_version": 0
        }
      ]
    },
    {
      "mode": "managed",
      "type": "null_resource",
      "name": "placeholder_5",
      "provider": "provider[\"registry.terraform.io/hashicorp/null\"]",
      "instances": [
        {
          "schema_version": 0,
          "attributes": {
            "id": "3165057250676039141",
            "triggers": {
              "factory_uuid": "9fda5467-8f0f-43e8-b4cc-270da64e9b01",
              "index": "5",
              "timestamp": "2025-06-09T17:07:05.252354",
              "welcome": "¡Hola!"
            }
          },
          "sensitive_attributes": [],
          "identity_schema_version": 0
        }
      ]
    },
    {
      "mode": "managed",
      "type": "null_resource",
      "name": "placeholder_6",
      "provider": "provider[\"registry.terraform.io/hashicorp/null\"]",
      "instances": [
        {
          "schema_version": 0,
          "attributes": {
            "id": "8348831230339776700",
            "triggers": {
              "factory_uuid": "9fda5467-8f0f-43e8-b4cc-270da64e9b01",
              "index": "6",
              "timestamp": "2025-06-09T17:07:05.252354",
              "welcome": "¡Hola!"
            }
          },
          "sensitive_attributes": [],
          "identity_schema_version": 0
        }
      ]
    },
    {
      "mode": "managed",
      "type": "null_resource",
      "name": "placeholder_7",
      "provider": "provider[\"registry.terraform.io/hashicorp/null\"]",
      "instances": [
        {
          "schema_version": 0,
          "attributes": {
            "id": "3197739254039559899",
            "triggers": {
              "factory_uuid": "9fda5467-8f0f-43e8-b4cc-270da64e9b01",
              "index": "7",
              "timestamp": "2025-06-09T17:07:05.252354",
              "welcome": "¡Hola!"
            }
          },
          "sensitive_attributes": [],
          "identity_schema_version": 0
        }
      ]
    },
    {
      "mode": "managed",
      "type": "null_resource",
      "name": "placeholder_8",
      "provider": "provider[\"registry.terraform.io/hashicorp/null\"]",
      "instances": [
        {
          "schema_version": 0,
          "attributes": {
            "id": "3446733257137171148",
            "triggers": {
              "factory_uuid": "9fda5467-8f0f-43e8-b4cc-270da64e9b01",
              "index": "8",
              "timestamp": "2025-06-09T17:07:05.252354",
              "welcome": "¡Hola!"
            }
          },
          "sensitive_attributes": [],
          "identity_schema_version": 0
        }
      ]
    },
    {
      "mode": "managed",
      "type": "null_resource",
      "name": "placeholder_9",
      "provider": "provider[\"registry.terraform.io/hashicorp/null\"]",
      "instances": [
        {
          "schema_version": 0,
          "attributes": {
            "id": "3822039817882680694",
            "triggers": {
              "factory_uuid": "9fda5467-8f0f-43e8-b4cc-270da64e9b01",
              "index": "9",
              "timestamp": "2025-06-09T17:07:05.252354",
              "welcome": "¡Hola!"
            }
          },
          "sensitive_attributes": [],
          "identity_schema_version": 0
        }
      ]
    }
  ],
  "check_results": null
}
